Microsoft Visual Studio Solution File, Format Version 12.00
# Visual Studio 2012
Project("{FAE04EC0-301F-11D3-BF4B-00C04F79EFBC}") = "Suikerterrein", "Suikerterrein.csproj", "{4AA1B0E8-E176-40E2-A718-8FD3641DCFA0}"
EndProject
Global
	GlobalSection(SolutionConfigurationPlatforms) = preSolution
	Debug|Any CPU = Debug|Any CPU
	ExportDebug|Any CPU = ExportDebug|Any CPU
	ExportRelease|Any CPU = ExportRelease|Any CPU
	EndGlobalSection
	GlobalSection(ProjectConfigurationPlatforms) = postSolution
		{4AA1B0E8-E176-40E2-A718-8FD3641DCFA0}.Debug|Any CPU.ActiveCfg = Debug|Any CPU
		{4AA1B0E8-E176-40E2-A718-8FD3641DCFA0}.Debug|Any CPU.Build.0 = Debug|Any CPU
		{4AA1B0E8-E176-40E2-A718-8FD3641DCFA0}.ExportDebug|Any CPU.ActiveCfg = ExportDebug|Any CPU
		{4AA1B0E8-E176-40E2-A718-8FD3641DCFA0}.ExportDebug|Any CPU.Build.0 = ExportDebug|Any CPU
		{4AA1B0E8-E176-40E2-A718-8FD3641DCFA0}.ExportRelease|Any CPU.ActiveCfg = ExportRelease|Any CPU
		{4AA1B0E8-E176-40E2-A718-8FD3641DCFA0}.ExportRelease|Any CPU.Build.0 = ExportRelease|Any CPU
	EndGlobalSection
EndGlobal
